
Microsoft Visual Studio Solution File, Format Version 12.00
# Visual Studio Version 17
VisualStudioVersion = 17.4.33213.308
MinimumVisualStudioVersion = 10.0.40219.1
Project("{F184B08F-C81C-45F6-A57F-5ABD9991F28F}") = "Payroll Calculator", "Payroll Calculator.vbproj", "{129D7EE8-D828-420C-B5D1-BE11945E1E2B}"
EndProject
Global
	GlobalSection(SolutionConfigurationPlatforms) = preSolution
		Debug|Any CPU = Debug|Any CPU
		Release|Any CPU = Release|Any CPU
	EndGlobalSection
	GlobalSection(ProjectConfigurationPlatforms) = postSolution
		{129D7EE8-D828-420C-B5D1-BE11945E1E2B}.Debug|Any CPU.ActiveCfg = Debug|Any CPU
		{129D7EE8-D828-420C-B5D1-BE11945E1E2B}.Debug|Any CPU.Build.0 = Debug|Any CPU
		{129D7EE8-D828-420C-B5D1-BE11945E1E2B}.Release|Any CPU.ActiveCfg = Release|Any CPU
		{129D7EE8-D828-420C-B5D1-BE11945E1E2B}.Release|Any CPU.Build.0 = Release|Any CPU
	EndGlobalSection
	GlobalSection(SolutionProperties) = preSolution
		HideSolutionNode = FALSE
	EndGlobalSection
	GlobalSection(ExtensibilityGlobals) = postSolution
		SolutionGuid = {9E0DD602-7ED1-406A-843F-6331DB08DA51}
	EndGlobalSection
EndGlobal
